
Microsoft Visual Studio Solution File, Format Version 12.00
# Visual Studio 15
VisualStudioVersion = 15.0.28010.2050
MinimumVisualStudioVersion = 10.0.40219.1
Project("{E24C65DC-7377-472B-9ABA-BC803B73C61A}") = "oe-coastal-research(1)", ".", "{53D1EFE8-0CD7-46FB-AC46-321338ED47CD}"
	ProjectSection(WebsiteProperties) = preProject
		TargetFrameworkMoniker = ".NETFramework,Version%3Dv4.6.1"
		Debug.AspNetCompiler.VirtualPath = "/localhost_50852"
		Debug.AspNetCompiler.PhysicalPath = "..\oe-coastal-research\"
		Debug.AspNetCompiler.TargetPath = "PrecompiledWeb\localhost_50852\"
		Debug.AspNetCompiler.Updateable = "true"
		Debug.AspNetCompiler.ForceOverwrite = "true"
		Debug.AspNetCompiler.FixedNames = "false"
		Debug.AspNetCompiler.Debug = "True"
		Release.AspNetCompiler.VirtualPath = "/localhost_50852"
		Release.AspNetCompiler.PhysicalPath = "..\oe-coastal-research\"
		Release.AspNetCompiler.TargetPath = "PrecompiledWeb\localhost_50852\"
		Release.AspNetCompiler.Updateable = "true"
		Release.AspNetCompiler.ForceOverwrite = "true"
		Release.AspNetCompiler.FixedNames = "false"
		Release.AspNetCompiler.Debug = "False"
		VWDPort = "50852"
		SlnRelativePath = "..\oe-coastal-research\"
	EndProjectSection
EndProject
Global
	GlobalSection(SolutionConfigurationPlatforms) = preSolution
		Debug|Any CPU = Debug|Any CPU
	EndGlobalSection
	GlobalSection(ProjectConfigurationPlatforms) = postSolution
		{53D1EFE8-0CD7-46FB-AC46-321338ED47CD}.Debug|Any CPU.ActiveCfg = Debug|Any CPU
		{53D1EFE8-0CD7-46FB-AC46-321338ED47CD}.Debug|Any CPU.Build.0 = Debug|Any CPU
	EndGlobalSection
	GlobalSection(SolutionProperties) = preSolution
		HideSolutionNode = FALSE
	EndGlobalSection
	GlobalSection(ExtensibilityGlobals) = postSolution
		SolutionGuid = {E4A2C958-49B6-4C5A-8C89-DF3F42CEDE92}
	EndGlobalSection
EndGlobal
